// !$*UTF8*$!
{
	archiveVersion = 1;
	classes = {
	};
	objectVersion = 50;
	objects = {

/* Begin PBXBuildFile section */
		779A74AB207B790C00AE7ADB /* AppDelegate.swift in Sources */ = {isa = PBXBuildFile; fileRef = 779A74AA207B790C00AE7ADB /* AppDelegate.swift */; };
		779A74AD207B790C00AE7ADB /* NewTaskViewController.swift in Sources */ = {isa = PBXBuildFile; fileRef = 779A74AC207B790C00AE7ADB /* NewTaskViewController.swift */; };
		779A74B0207B790C00AE7ADB /* Main.storyboard in Resources */ = {isa = PBXBuildFile; fileRef = 779A74AE207B790C00AE7ADB /* Main.storyboard */; };
		779A74B2207B791100AE7ADB /* Assets.xcassets in Resources */ = {isa = PBXBuildFile; fileRef = 779A74B1207B791100AE7ADB /* Assets.xcassets */; };
		779A74B5207B791100AE7ADB /* LaunchScreen.storyboard in Resources */ = {isa = PBXBuildFile; fileRef = 779A74B3207B791100AE7ADB /* LaunchScreen.storyboard */; };
		779A74BF207D2B5C00AE7ADB /* Task.swift in Sources */ = {isa = PBXBuildFile; fileRef = 779A74BE207D2B5C00AE7ADB /* Task.swift */; };
		779A74C1207D433900AE7ADB /* TaskTableViewCell.swift in Sources */ = {isa = PBXBuildFile; fileRef = 779A74C0207D433900AE7ADB /* TaskTableViewCell.swift */; };
		779A74C3207E135B00AE7ADB /* ToDoTableViewController.swift in Sources */ = {isa = PBXBuildFile; fileRef = 779A74C2207E135B00AE7ADB /* ToDoTableViewController.swift */; };
		779A74C5207E30CA00AE7ADB /* PriorityButtons.swift in Sources */ = {isa = PBXBuildFile; fileRef = 779A74C4207E30CA00AE7ADB /* PriorityButtons.swift */; };
/* End PBXBuildFile section */

/* Begin PBXFileReference section */
		779A74A7207B790C00AE7ADB /* ToDo.app */ = {isa = PBXFileReference; explicitFileType = wrapper.application; includeInIndex = 0; path = ToDo.app; sourceTree = BUILT_PRODUCTS_DIR; };
		779A74AA207B790C00AE7ADB /* AppDelegate.swift */ = {isa = PBXFileReference; lastKnownFileType = sourcecode.swift; path = AppDelegate.swift; sourceTree = "<group>"; };
		779A74AC207B790C00AE7ADB /* NewTaskViewController.swift */ = {isa = PBXFileReference; lastKnownFileType = sourcecode.swift; path = NewTaskViewController.swift; sourceTree = "<group>"; };
		779A74AF207B790C00AE7ADB /* Base */ = {isa = PBXFileReference; lastKnownFileType = file.storyboard; name = Base; path = Base.lproj/Main.storyboard; sourceTree = "<group>"; };
		779A74B1207B791100AE7ADB /* Assets.xcassets */ = {isa = PBXFileReference; lastKnownFileType = folder.assetcatalog; path = Assets.xcassets; sourceTree = "<group>"; };
		779A74B4207B791100AE7ADB /* Base */ = {isa = PBXFileReference; lastKnownFileType = file.storyboard; name = Base; path = Base.lproj/LaunchScreen.storyboard; sourceTree = "<group>"; };
		779A74B6207B791100AE7ADB /* Info.plist */ = {isa = PBXFileReference; lastKnownFileType = text.plist.xml; path = Info.plist; sourceTree = "<group>"; };
		779A74BE207D2B5C00AE7ADB /* Task.swift */ = {isa = PBXFileReference; lastKnownFileType = sourcecode.swift; path = Task.swift; sourceTree = "<group>"; };
		779A74C0207D433900AE7ADB /* TaskTableViewCell.swift */ = {isa = PBXFileReference; lastKnownFileType = sourcecode.swift; path = TaskTableViewCell.swift; sourceTree = "<group>"; };
		779A74C2207E135B00AE7ADB /* ToDoTableViewController.swift */ = {isa = PBXFileReference; lastKnownFileType = sourcecode.swift; path = ToDoTableViewController.swift; sourceTree = "<group>"; };
		779A74C4207E30CA00AE7ADB /* PriorityButtons.swift */ = {isa = PBXFileReference; lastKnownFileType = sourcecode.swift; path = PriorityButtons.swift; sourceTree = "<group>"; };
/* End PBXFileReference section */

/* Begin PBXFrameworksBuildPhase section */
		779A74A4207B790C00AE7ADB /* Frameworks */ = {
			isa = PBXFrameworksBuildPhase;
			buildActionMask = 2147483647;
			files = (
			);
			runOnlyForDeploymentPostprocessing = 0;
		};
/* End PBXFrameworksBuildPhase section */

/* Begin PBXGroup section */
		779A749E207B790C00AE7ADB = {
			isa = PBXGroup;
			children = (
				779A74A9207B790C00AE7ADB /* ToDo */,
				779A74A8207B790C00AE7ADB /* Products */,
			);
			sourceTree = "<group>";
		};
		779A74A8207B790C00AE7ADB /* Products */ = {
			isa = PBXGroup;
			children = (
				779A74A7207B790C00AE7ADB /* ToDo.app */,
			);
			name = Products;
			sourceTree = "<group>";
		};
		779A74A9207B790C00AE7ADB /* ToDo */ = {
			isa = PBXGroup;
			children = (
				779A74AA207B790C00AE7ADB /* AppDelegate.swift */,
				779A74AC207B790C00AE7ADB /* NewTaskViewController.swift */,
				779A74C4207E30CA00AE7ADB /* PriorityButtons.swift */,
				779A74AE207B790C00AE7ADB /* Main.storyboard */,
				779A74B1207B791100AE7ADB /* Assets.xcassets */,
				779A74B3207B791100AE7ADB /* LaunchScreen.storyboard */,
				779A74B6207B791100AE7ADB /* Info.plist */,
				779A74BE207D2B5C00AE7ADB /* Task.swift */,
				779A74C0207D433900AE7ADB /* TaskTableViewCell.swift */,
				779A74C2207E135B00AE7ADB /* ToDoTableViewController.swift */,
			);
			path = ToDo;
			sourceTree = "<group>";
		};
/* End PBXGroup section */

/* Begin PBXNativeTarget section */
		779A74A6207B790C00AE7ADB /* ToDo */ = {
			isa = PBXNativeTarget;
			buildConfigurationList = 779A74B9207B791100AE7ADB /* Build configuration list for PBXNativeTarget "ToDo" */;
			buildPhases = (
				779A74A3207B790C00AE7ADB /* Sources */,
				779A74A4207B790C00AE7ADB /* Frameworks */,
				779A74A5207B790C00AE7ADB /* Resources */,
			);
			buildRules = (
			);
			dependencies = (
			);
			name = ToDo;
			productName = ToDo;
			productReference = 779A74A7207B790C00AE7ADB /* ToDo.app */;
			productType = "com.apple.product-type.application";
		};
/* End PBXNativeTarget section */

/* Begin PBXProject section */
		779A749F207B790C00AE7ADB /* Project object */ = {
			isa = PBXProject;
			attributes = {
				LastSwiftUpdateCheck = 0930;
				LastUpgradeCheck = 0930;
				ORGANIZATIONNAME = "Faraday Faraday";
				TargetAttributes = {
					779A74A6207B790C00AE7ADB = {
						CreatedOnToolsVersion = 9.3;
					};
				};
			};
			buildConfigurationList = 779A74A2207B790C00AE7ADB /* Build configuration list for PBXProject "ToDo" */;
			compatibilityVersion = "Xcode 9.3";
			developmentRegion = en;
			hasScannedForEncodings = 0;
			knownRegions = (
				en,
				Base,
			);
			mainGroup = 779A749E207B790C00AE7ADB;
			productRefGroup = 779A74A8207B790C00AE7ADB /* Products */;
			projectDirPath = "";
			projectRoot = "";
			targets = (
				779A74A6207B790C00AE7ADB /* ToDo */,
			);
		};
/* End PBXProject section */

/* Begin PBXResourcesBuildPhase section */
		779A74A5207B790C00AE7ADB /* Resources */ = {
			isa = PBXResourcesBuildPhase;
			buildActionMask = 2147483647;
			files = (
				779A74B5207B791100AE7ADB /* LaunchScreen.storyboard in Resources */,
				779A74B2207B791100AE7ADB /* Assets.xcassets in Resources */,
				779A74B0207B790C00AE7ADB /* Main.storyboard in Resources */,
			);
			runOnlyForDeploymentPostprocessing = 0;
		};
/* End PBXResourcesBuildPhase section */

/* Begin PBXSourcesBuildPhase section */
		779A74A3207B790C00AE7ADB /* Sources */ = {
			isa = PBXSourcesBuildPhase;
			buildActionMask = 2147483647;
			files = (
				779A74AD207B790C00AE7ADB /* NewTaskViewController.swift in Sources */,
				779A74C5207E30CA00AE7ADB /* PriorityButtons.swift in Sources */,
				779A74C1207D433900AE7ADB /* TaskTableViewCell.swift in Sources */,
				779A74BF207D2B5C00AE7ADB /* Task.swift in Sources */,
				779A74AB207B790C00AE7ADB /* AppDelegate.swift in Sources */,
				779A74C3207E135B00AE7ADB /* ToDoTableViewController.swift in Sources */,
			);
			runOnlyForDeploymentPostprocessing = 0;
		};
/* End PBXSourcesBuildPhase section */

/* Begin PBXVariantGroup section */
		779A74AE207B790C00AE7ADB /* Main.storyboard */ = {
			isa = PBXVariantGroup;
			children = (
				779A74AF207B790C00AE7ADB /* Base */,
			);
			name = Main.storyboard;
			sourceTree = "<group>";
		};
		779A74B3207B791100AE7ADB /* LaunchScreen.storyboard */ = {
			isa = PBXVariantGroup;
			children = (
				779A74B4207B791100AE7ADB /* Base */,
			);
			name = LaunchScreen.storyboard;
			sourceTree = "<group>";
		};
/* End PBXVariantGroup section */

/* Begin XCBuildConfiguration section */
		779A74B7207B791100AE7ADB /* Debug */ = {
			isa = XCBuildConfiguration;
			buildSettings = {
				ALWAYS_SEARCH_USER_PATHS = NO;
				CLANG_ANALYZER_NONNULL = YES;
				CLANG_ANALYZER_NUMBER_OBJECT_CONVERSION = YES_AGGRESSIVE;
				CLANG_CXX_LANGUAGE_STANDARD = "gnu++14";
				CLANG_CXX_LIBRARY = "libc++";
				CLANG_ENABLE_MODULES = YES;
				CLANG_ENABLE_OBJC_ARC = YES;
				CLANG_ENABLE_OBJC_WEAK = YES;
				CLANG_WARN_BLOCK_CAPTURE_AUTORELEASING = YES;
				CLANG_WARN_BOOL_CONVERSION = YES;
				CLANG_WARN_COMMA = YES;
				CLANG_WARN_CONSTANT_CONVERSION = YES;
				CLANG_WARN_DEPRECATED_OBJC_IMPLEMENTATIONS = YES;
				CLANG_WARN_DIRECT_OBJC_ISA_USAGE = YES_ERROR;
				CLANG_WARN_DOCUMENTATION_COMMENTS = YES;
				CLANG_WARN_EMPTY_BODY = YES;
				CLANG_WARN_ENUM_CONVERSION = YES;
				CLANG_WARN_INFINITE_RECURSION = YES;
				CLANG_WARN_INT_CONVERSION = YES;
				CLANG_WARN_NON_LITERAL_NULL_CONVERSION = YES;
				CLANG_WARN_OBJC_IMPLICIT_RETAIN_SELF = YES;
				CLANG_WARN_OBJC_LITERAL_CONVERSION = YES;
				CLANG_WARN_OBJC_ROOT_CLASS = YES_ERROR;
				CLANG_WARN_RANGE_LOOP_ANALYSIS = YES;
				CLANG_WARN_STRICT_PROTOTYPES = YES;
				CLANG_WARN_SUSPICIOUS_MOVE = YES;
				CLANG_WARN_UNGUARDED_AVAILABILITY = YES_AGGRESSIVE;
				CLANG_WARN_UNREACHABLE_CODE = YES;
				CLANG_WARN__DUPLICATE_METHOD_MATCH = YES;
				CODE_SIGN_IDENTITY = "iPhone Developer";
				COPY_PHASE_STRIP = NO;
				DEBUG_INFORMATION_FORMAT = dwarf;
				ENABLE_STRICT_OBJC_MSGSEND = YES;
				ENABLE_TESTABILITY = YES;
				GCC_C_LANGUAGE_STANDARD = gnu11;
				GCC_DYNAMIC_NO_PIC = NO;
				GCC_NO_COMMON_BLOCKS = YES;
				GCC_OPTIMIZATION_LEVEL = 0;
				GCC_PREPROCESSOR_DEFINITIONS = (
					"DEBUG=1",
					"$(inherited)",
				);
				GCC_WARN_64_TO_32_BIT_CONVERSION = YES;
				GCC_WARN_ABOUT_RETURN_TYPE = YES_ERROR;
				GCC_WARN_UNDECLARED_SELECTOR = YES;
				GCC_WARN_UNINITIALIZED_AUTOS = YES_AGGRESSIVE;
				GCC_WARN_UNUSED_FUNCTION = YES;
				GCC_WARN_UNUSED_VARIABLE = YES;
				IPHONEOS_DEPLOYMENT_TARGET = 11.3;
				MTL_ENABLE_DEBUG_INFO = YES;
				ONLY_ACTIVE_ARCH = YES;
				SDKROOT = iphoneos;
				SWIFT_ACTIVE_COMPILATION_CONDITIONS = DEBUG;
				SWIFT_OPTIMIZATION_LEVEL = "-Onone";
			};
			name = Debug;
		};
		779A74B8207B791100AE7ADB /* Release */ = {
			isa = XCBuildConfiguration;
			buildSettings = {
				ALWAYS_SEARCH_USER_PATHS = NO;
				CLANG_ANALYZER_NONNULL = YES;
				CLANG_ANALYZER_NUMBER_OBJECT_CONVERSION = YES_AGGRESSIVE;
				CLANG_CXX_LANGUAGE_STANDARD = "gnu++14";
				CLANG_CXX_LIBRARY = "libc++";
				CLANG_ENABLE_MODULES = YES;
				CLANG_ENABLE_OBJC_ARC = YES;
				CLANG_ENABLE_OBJC_WEAK = YES;
				CLANG_WARN_BLOCK_CAPTURE_AUTORELEASING = YES;
				CLANG_WARN_BOOL_CONVERSION = YES;
				CLANG_WARN_COMMA = YES;
				CLANG_WARN_CONSTANT_CONVERSION = YES;
				CLANG_WARN_DEPRECATED_OBJC_IMPLEMENTATIONS = YES;
				CLANG_WARN_DIRECT_OBJC_ISA_USAGE = YES_ERROR;
				CLANG_WARN_DOCUMENTATION_COMMENTS = YES;
				CLANG_WARN_EMPTY_BODY = YES;
				CLANG_WARN_ENUM_CONVERSION = YES;
				CLANG_WARN_INFINITE_RECURSION = YES;
				CLANG_WARN_INT_CONVERSION = YES;
				CLANG_WARN_NON_LITERAL_NULL_CONVERSION = YES;
				CLANG_WARN_OBJC_IMPLICIT_RETAIN_SELF = YES;
				CLANG_WARN_OBJC_LITERAL_CONVERSION = YES;
				CLANG_WARN_OBJC_ROOT_CLASS = YES_ERROR;
				CLANG_WARN_RANGE_LOOP_ANALYSIS = YES;
				CLANG_WARN_STRICT_PROTOTYPES = YES;
				CLANG_WARN_SUSPICIOUS_MOVE = YES;
				CLANG_WARN_UNGUARDED_AVAILABILITY = YES_AGGRESSIVE;
				CLANG_WARN_UNREACHABLE_CODE = YES;
				CLANG_WARN__DUPLICATE_METHOD_MATCH = YES;
				CODE_SIGN_IDENTITY = "iPhone Developer";
				COPY_PHASE_STRIP = NO;
				DEBUG_INFORMATION_FORMAT = "dwarf-with-dsym";
				ENABLE_NS_ASSERTIONS = NO;
				ENABLE_STRICT_OBJC_MSGSEND = YES;
				GCC_C_LANGUAGE_STANDARD = gnu11;
				GCC_NO_COMMON_BLOCKS = YES;
				GCC_WARN_64_TO_32_BIT_CONVERSION = YES;
				GCC_WARN_ABOUT_RETURN_TYPE = YES_ERROR;
				GCC_WARN_UNDECLARED_SELECTOR = YES;
				GCC_WARN_UNINITIALIZED_AUTOS = YES_AGGRESSIVE;
				GCC_WARN_UNUSED_FUNCTION = YES;
				GCC_WARN_UNUSED_VARIABLE = YES;
				IPHONEOS_DEPLOYMENT_TARGET = 11.3;
				MTL_ENABLE_DEBUG_INFO = NO;
				SDKROOT = iphoneos;
				SWIFT_COMPILATION_MODE = wholemodule;
				SWIFT_OPTIMIZATION_LEVEL = "-O";
				VALIDATE_PRODUCT = YES;
			};
			name = Release;
		};
		779A74BA207B791100AE7ADB /* Debug */ = {
			isa = XCBuildConfiguration;
			buildSettings = {
				ASSETCATALOG_COMPILER_APPICON_NAME = AppIcon;
				CODE_SIGN_STYLE = Automatic;
				DEVELOPMENT_TEAM = 8FBV7793TC;
				INFOPLIST_FILE = ToDo/Info.plist;
				IPHONEOS_DEPLOYMENT_TARGET = 11.3;
				LD_RUNPATH_SEARCH_PATHS = (
					"$(inherited)",
					"@executable_path/Frameworks",
				);
				PRODUCT_BUNDLE_IDENTIFIER = "com.faraday-faraday.ToDo";
				PRODUCT_NAME = "$(TARGET_NAME)";
				SWIFT_VERSION = 4.0;
				TARGETED_DEVICE_FAMILY = 1;
			};
			name = Debug;
		};
		779A74BB207B791100AE7ADB /* Release */ = {
			isa = XCBuildConfiguration;
			buildSettings = {
				ASSETCATALOG_COMPILER_APPICON_NAME = AppIcon;
				CODE_SIGN_STYLE = Automatic;
				DEVELOPMENT_TEAM = 8FBV7793TC;
				INFOPLIST_FILE = ToDo/Info.plist;
				IPHONEOS_DEPLOYMENT_TARGET = 11.3;
				LD_RUNPATH_SEARCH_PATHS = (
					"$(inherited)",
					"@executable_path/Frameworks",
				);
				PRODUCT_BUNDLE_IDENTIFIER = "com.faraday-faraday.ToDo";
				PRODUCT_NAME = "$(TARGET_NAME)";
				SWIFT_VERSION = 4.0;
				TARGETED_DEVICE_FAMILY = 1;
			};
			name = Release;
		};
/* End XCBuildConfiguration section */

/* Begin XCConfigurationList section */
		779A74A2207B790C00AE7ADB /* Build configuration list for PBXProject "ToDo" */ = {
			isa = XCConfigurationList;
			buildConfigurations = (
				779A74B7207B791100AE7ADB /* Debug */,
				779A74B8207B791100AE7ADB /* Release */,
			);
			defaultConfigurationIsVisible = 0;
			defaultConfigurationName = Release;
		};
		779A74B9207B791100AE7ADB /* Build configuration list for PBXNativeTarget "ToDo" */ = {
			isa = XCConfigurationList;
			buildConfigurations = (
				779A74BA207B791100AE7ADB /* Debug */,
				779A74BB207B791100AE7ADB /* Release */,
			);
			defaultConfigurationIsVisible = 0;
			defaultConfigurationName = Release;
		};
/* End XCConfigurationList section */
	};
	rootObject = 779A749F207B790C00AE7ADB /* Project object */;
}
